# THIS IS AN AUTOGENERATED FILE. DO NOT EDIT THIS FILE DIRECTLY.
# yarn lockfile v1


async-validator@^1.8.2:
  version "1.9.0"
  resolved "https://registry.yarnpkg.com/async-validator/-/async-validator-1.9.0.tgz#2dac22f43157b7fd4296ff6d7ad6429718fbd4d4"
  dependencies:
    babel-runtime "6.x"

babel-runtime@6.x:
  version "6.26.0"
  resolved "https://registry.yarnpkg.com/babel-runtime/-/babel-runtime-6.26.0.tgz#965c7058668e82b55d7bfe04ff2337bc8b5647fe"
  dependencies:
    core-js "^2.4.0"
    regenerator-runtime "^0.11.0"

batch-processor@^1.0.0:
  version "1.0.0"
  resolved "https://registry.yarnpkg.com/batch-processor/-/batch-processor-1.0.0.tgz#75c95c32b748e0850d10c2b168f6bdbe9891ace8"

core-js@^2.4.0:
  version "2.5.7"
  resolved "https://registry.yarnpkg.com/core-js/-/core-js-2.5.7.tgz#f972608ff0cead68b841a16a932d0b183791814e"

deepmerge@^2.1.0:
  version "2.2.1"
  resolved "https://registry.yarnpkg.com/deepmerge/-/deepmerge-2.2.1.tgz#5d3ff22a01c00f645405a2fbc17d0778a1801170"

element-resize-detector@^1.1.14:
  version "1.1.14"
  resolved "https://registry.yarnpkg.com/element-resize-detector/-/element-resize-detector-1.1.14.tgz#af064a0a618a820ad570a95c5eec5b77be0128c1"
  dependencies:
    batch-processor "^1.0.0"

iview@^3.1.3:
  version "3.1.3"
  resolved "https://registry.yarnpkg.com/iview/-/iview-3.1.3.tgz#c99ca1d5dad48fb4df17d75b95554d16bd05ab77"
  dependencies:
    async-validator "^1.8.2"
    deepmerge "^2.1.0"
    element-resize-detector "^1.1.14"
    js-calendar "^1.2.3"
    lodash.throttle "^4.1.1"
    popper.js "^1.14.1"
    tinycolor2 "^1.4.1"
    v-click-outside-x "^3.0.0"

js-calendar@^1.2.3:
  version "1.2.3"
  resolved "https://registry.yarnpkg.com/js-calendar/-/js-calendar-1.2.3.tgz#a583b0644b4e695ba394f344d103dbcc7a7a7d3e"

lodash.throttle@^4.1.1:
  version "4.1.1"
  resolved "https://registry.yarnpkg.com/lodash.throttle/-/lodash.throttle-4.1.1.tgz#c23e91b710242ac70c37f1e1cda9274cc39bf2f4"

popper.js@^1.14.1:
  version "1.14.4"
  resolved "https://registry.yarnpkg.com/popper.js/-/popper.js-1.14.4.tgz#8eec1d8ff02a5a3a152dd43414a15c7b79fd69b6"

regenerator-runtime@^0.11.0:
  version "0.11.1"
  resolved "https://registry.yarnpkg.com/regenerator-runtime/-/regenerator-runtime-0.11.1.tgz#be05ad7f9bf7d22e056f9726cee5017fbf19e2e9"

tinycolor2@^1.4.1:
  version "1.4.1"
  resolved "https://registry.yarnpkg.com/tinycolor2/-/tinycolor2-1.4.1.tgz#f4fad333447bc0b07d4dc8e9209d8f39a8ac77e8"

v-click-outside-x@^3.0.0:
  version "3.4.0"
  resolved "https://registry.yarnpkg.com/v-click-outside-x/-/v-click-outside-x-3.4.0.tgz#34f331be123299d0127463dc66666b89ee020fbb"

vue@^2.5.17:
  version "2.5.17"
  resolved "https://registry.yarnpkg.com/vue/-/vue-2.5.17.tgz#0f8789ad718be68ca1872629832ed533589c6ada"
